
Microsoft Visual Studio Solution File, Format Version 12.00
# Visual Studio Version 17
VisualStudioVersion = 17.0.31912.275
MinimumVisualStudioVersion = 10.0.40219.1
Project("{FAE04EC0-301F-11D3-BF4B-00C04F79EFBC}") = "Socknautica", "Socknautica\Socknautica.csproj", "{1EAD81AD-CAF7-4C33-B010-8B3E4B9AD22A}"
EndProject
Global
	GlobalSection(SolutionConfigurationPlatforms) = preSolution
		Debug|Any CPU = Debug|Any CPU
		Release|Any CPU = Release|Any CPU
	EndGlobalSection
	GlobalSection(ProjectConfigurationPlatforms) = postSolution
		{1EAD81AD-CAF7-4C33-B010-8B3E4B9AD22A}.Debug|Any CPU.ActiveCfg = Debug|Any CPU
		{1EAD81AD-CAF7-4C33-B010-8B3E4B9AD22A}.Debug|Any CPU.Build.0 = Debug|Any CPU
		{1EAD81AD-CAF7-4C33-B010-8B3E4B9AD22A}.Release|Any CPU.ActiveCfg = Release|Any CPU
		{1EAD81AD-CAF7-4C33-B010-8B3E4B9AD22A}.Release|Any CPU.Build.0 = Release|Any CPU
	EndGlobalSection
	GlobalSection(SolutionProperties) = preSolution
		HideSolutionNode = FALSE
	EndGlobalSection
	GlobalSection(ExtensibilityGlobals) = postSolution
		SolutionGuid = {F90A8DC4-126A-4D7B-89D2-DB352914A785}
	EndGlobalSection
EndGlobal
